// !$*UTF8*$!
{
	archiveVersion = 1;
	classes = {
	};
	objectVersion = 56;
	objects = {

/* Begin PBXBuildFile section */
		FF77E0FE2BAB5D1F00F85FAC /* AppDelegate.swift in Sources */ = {isa = PBXBuildFile; fileRef = FF77E0FD2BAB5D1F00F85FAC /* AppDelegate.swift */; };
		FF77E1002BAB5D1F00F85FAC /* SceneDelegate.swift in Sources */ = {isa = PBXBuildFile; fileRef = FF77E0FF2BAB5D1F00F85FAC /* SceneDelegate.swift */; };
		FF77E1022BAB5D1F00F85FAC /* TabBarController.swift in Sources */ = {isa = PBXBuildFile; fileRef = FF77E1012BAB5D1F00F85FAC /* TabBarController.swift */; };
		FF77E1052BAB5D1F00F85FAC /* Main.storyboard in Resources */ = {isa = PBXBuildFile; fileRef = FF77E1032BAB5D1F00F85FAC /* Main.storyboard */; };
		FF77E1072BAB5D2100F85FAC /* Assets.xcassets in Resources */ = {isa = PBXBuildFile; fileRef = FF77E1062BAB5D2100F85FAC /* Assets.xcassets */; };
		FF77E10A2BAB5D2100F85FAC /* LaunchScreen.storyboard in Resources */ = {isa = PBXBuildFile; fileRef = FF77E1082BAB5D2100F85FAC /* LaunchScreen.storyboard */; };
		FF77E1122BAB5D3600F85FAC /* HomeViewController.swift in Sources */ = {isa = PBXBuildFile; fileRef = FF77E1112BAB5D3600F85FAC /* HomeViewController.swift */; };
		FF77E1142BAB5D5900F85FAC /* PhotosViewController.swift in Sources */ = {isa = PBXBuildFile; fileRef = FF77E1132BAB5D5900F85FAC /* PhotosViewController.swift */; };
		FF77E1162BAB5D6000F85FAC /* CamereViewController.swift in Sources */ = {isa = PBXBuildFile; fileRef = FF77E1152BAB5D6000F85FAC /* CamereViewController.swift */; };
/* End PBXBuildFile section */

/* Begin PBXFileReference section */
		FF77E0FA2BAB5D1F00F85FAC /* FaceDetectApp.app */ = {isa = PBXFileReference; explicitFileType = wrapper.application; includeInIndex = 0; path = FaceDetectApp.app; sourceTree = BUILT_PRODUCTS_DIR; };
		FF77E0FD2BAB5D1F00F85FAC /* AppDelegate.swift */ = {isa = PBXFileReference; lastKnownFileType = sourcecode.swift; path = AppDelegate.swift; sourceTree = "<group>"; };
		FF77E0FF2BAB5D1F00F85FAC /* SceneDelegate.swift */ = {isa = PBXFileReference; lastKnownFileType = sourcecode.swift; path = SceneDelegate.swift; sourceTree = "<group>"; };
		FF77E1012BAB5D1F00F85FAC /* TabBarController.swift */ = {isa = PBXFileReference; lastKnownFileType = sourcecode.swift; path = TabBarController.swift; sourceTree = "<group>"; };
		FF77E1042BAB5D1F00F85FAC /* Base */ = {isa = PBXFileReference; lastKnownFileType = file.storyboard; name = Base; path = Base.lproj/Main.storyboard; sourceTree = "<group>"; };
		FF77E1062BAB5D2100F85FAC /* Assets.xcassets */ = {isa = PBXFileReference; lastKnownFileType = folder.assetcatalog; path = Assets.xcassets; sourceTree = "<group>"; };
		FF77E1092BAB5D2100F85FAC /* Base */ = {isa = PBXFileReference; lastKnownFileType = file.storyboard; name = Base; path = Base.lproj/LaunchScreen.storyboard; sourceTree = "<group>"; };
		FF77E10B2BAB5D2100F85FAC /* Info.plist */ = {isa = PBXFileReference; lastKnownFileType = text.plist.xml; path = Info.plist; sourceTree = "<group>"; };
		FF77E1112BAB5D3600F85FAC /* HomeViewController.swift */ = {isa = PBXFileReference; lastKnownFileType = sourcecode.swift; path = HomeViewController.swift; sourceTree = "<group>"; };
		FF77E1132BAB5D5900F85FAC /* PhotosViewController.swift */ = {isa = PBXFileReference; lastKnownFileType = sourcecode.swift; path = PhotosViewController.swift; sourceTree = "<group>"; };
		FF77E1152BAB5D6000F85FAC /* CamereViewController.swift */ = {isa = PBXFileReference; lastKnownFileType = sourcecode.swift; path = CamereViewController.swift; sourceTree = "<group>"; };
/* End PBXFileReference section */

/* Begin PBXFrameworksBuildPhase section */
		FF77E0F72BAB5D1F00F85FAC /* Frameworks */ = {
			isa = PBXFrameworksBuildPhase;
			buildActionMask = 2147483647;
			files = (
			);
			runOnlyForDeploymentPostprocessing = 0;
		};
/* End PBXFrameworksBuildPhase section */

/* Begin PBXGroup section */
		FF77E0F12BAB5D1F00F85FAC = {
			isa = PBXGroup;
			children = (
				FF77E0FC2BAB5D1F00F85FAC /* FaceDetectApp */,
				FF77E0FB2BAB5D1F00F85FAC /* Products */,
			);
			sourceTree = "<group>";
		};
		FF77E0FB2BAB5D1F00F85FAC /* Products */ = {
			isa = PBXGroup;
			children = (
				FF77E0FA2BAB5D1F00F85FAC /* FaceDetectApp.app */,
			);
			name = Products;
			sourceTree = "<group>";
		};
		FF77E0FC2BAB5D1F00F85FAC /* FaceDetectApp */ = {
			isa = PBXGroup;
			children = (
				FF77E0FD2BAB5D1F00F85FAC /* AppDelegate.swift */,
				FF77E0FF2BAB5D1F00F85FAC /* SceneDelegate.swift */,
				FF77E1012BAB5D1F00F85FAC /* TabBarController.swift */,
				FF77E1032BAB5D1F00F85FAC /* Main.storyboard */,
				FF77E1062BAB5D2100F85FAC /* Assets.xcassets */,
				FF77E1082BAB5D2100F85FAC /* LaunchScreen.storyboard */,
				FF77E10B2BAB5D2100F85FAC /* Info.plist */,
				FF77E1112BAB5D3600F85FAC /* HomeViewController.swift */,
				FF77E1132BAB5D5900F85FAC /* PhotosViewController.swift */,
				FF77E1152BAB5D6000F85FAC /* CamereViewController.swift */,
			);
			path = FaceDetectApp;
			sourceTree = "<group>";
		};
/* End PBXGroup section */

/* Begin PBXNativeTarget section */
		FF77E0F92BAB5D1F00F85FAC /* FaceDetectApp */ = {
			isa = PBXNativeTarget;
			buildConfigurationList = FF77E10E2BAB5D2100F85FAC /* Build configuration list for PBXNativeTarget "FaceDetectApp" */;
			buildPhases = (
				FF77E0F62BAB5D1F00F85FAC /* Sources */,
				FF77E0F72BAB5D1F00F85FAC /* Frameworks */,
				FF77E0F82BAB5D1F00F85FAC /* Resources */,
			);
			buildRules = (
			);
			dependencies = (
			);
			name = FaceDetectApp;
			productName = FaceDetectApp;
			productReference = FF77E0FA2BAB5D1F00F85FAC /* FaceDetectApp.app */;
			productType = "com.apple.product-type.application";
		};
/* End PBXNativeTarget section */

/* Begin PBXProject section */
		FF77E0F22BAB5D1F00F85FAC /* Project object */ = {
			isa = PBXProject;
			attributes = {
				BuildIndependentTargetsInParallel = 1;
				LastSwiftUpdateCheck = 1520;
				LastUpgradeCheck = 1520;
				TargetAttributes = {
					FF77E0F92BAB5D1F00F85FAC = {
						CreatedOnToolsVersion = 15.2;
					};
				};
			};
			buildConfigurationList = FF77E0F52BAB5D1F00F85FAC /* Build configuration list for PBXProject "FaceDetectApp" */;
			compatibilityVersion = "Xcode 14.0";
			developmentRegion = en;
			hasScannedForEncodings = 0;
			knownRegions = (
				en,
				Base,
			);
			mainGroup = FF77E0F12BAB5D1F00F85FAC;
			productRefGroup = FF77E0FB2BAB5D1F00F85FAC /* Products */;
			projectDirPath = "";
			projectRoot = "";
			targets = (
				FF77E0F92BAB5D1F00F85FAC /* FaceDetectApp */,
			);
		};
/* End PBXProject section */

/* Begin PBXResourcesBuildPhase section */
		FF77E0F82BAB5D1F00F85FAC /* Resources */ = {
			isa = PBXResourcesBuildPhase;
			buildActionMask = 2147483647;
			files = (
				FF77E10A2BAB5D2100F85FAC /* LaunchScreen.storyboard in Resources */,
				FF77E1072BAB5D2100F85FAC /* Assets.xcassets in Resources */,
				FF77E1052BAB5D1F00F85FAC /* Main.storyboard in Resources */,
			);
			runOnlyForDeploymentPostprocessing = 0;
		};
/* End PBXResourcesBuildPhase section */

/* Begin PBXSourcesBuildPhase section */
		FF77E0F62BAB5D1F00F85FAC /* Sources */ = {
			isa = PBXSourcesBuildPhase;
			buildActionMask = 2147483647;
			files = (
				FF77E1022BAB5D1F00F85FAC /* TabBarController.swift in Sources */,
				FF77E0FE2BAB5D1F00F85FAC /* AppDelegate.swift in Sources */,
				FF77E1002BAB5D1F00F85FAC /* SceneDelegate.swift in Sources */,
				FF77E1162BAB5D6000F85FAC /* CamereViewController.swift in Sources */,
				FF77E1122BAB5D3600F85FAC /* HomeViewController.swift in Sources */,
				FF77E1142BAB5D5900F85FAC /* PhotosViewController.swift in Sources */,
			);
			runOnlyForDeploymentPostprocessing = 0;
		};
/* End PBXSourcesBuildPhase section */

/* Begin PBXVariantGroup section */
		FF77E1032BAB5D1F00F85FAC /* Main.storyboard */ = {
			isa = PBXVariantGroup;
			children = (
				FF77E1042BAB5D1F00F85FAC /* Base */,
			);
			name = Main.storyboard;
			sourceTree = "<group>";
		};
		FF77E1082BAB5D2100F85FAC /* LaunchScreen.storyboard */ = {
			isa = PBXVariantGroup;
			children = (
				FF77E1092BAB5D2100F85FAC /* Base */,
			);
			name = LaunchScreen.storyboard;
			sourceTree = "<group>";
		};
/* End PBXVariantGroup section */

/* Begin XCBuildConfiguration section */
		FF77E10C2BAB5D2100F85FAC /* Debug */ = {
			isa = XCBuildConfiguration;
			buildSettings = {
				ALWAYS_SEARCH_USER_PATHS = NO;
				ASSETCATALOG_COMPILER_GENERATE_SWIFT_ASSET_SYMBOL_EXTENSIONS = YES;
				CLANG_ANALYZER_NONNULL = YES;
				CLANG_ANALYZER_NUMBER_OBJECT_CONVERSION = YES_AGGRESSIVE;
				CLANG_CXX_LANGUAGE_STANDARD = "gnu++20";
				CLANG_ENABLE_MODULES = YES;
				CLANG_ENABLE_OBJC_ARC = YES;
				CLANG_ENABLE_OBJC_WEAK = YES;
				CLANG_WARN_BLOCK_CAPTURE_AUTORELEASING = YES;
				CLANG_WARN_BOOL_CONVERSION = YES;
				CLANG_WARN_COMMA = YES;
				CLANG_WARN_CONSTANT_CONVERSION = YES;
				CLANG_WARN_DEPRECATED_OBJC_IMPLEMENTATIONS = YES;
				CLANG_WARN_DIRECT_OBJC_ISA_USAGE = YES_ERROR;
				CLANG_WARN_DOCUMENTATION_COMMENTS = YES;
				CLANG_WARN_EMPTY_BODY = YES;
				CLANG_WARN_ENUM_CONVERSION = YES;
				CLANG_WARN_INFINITE_RECURSION = YES;
				CLANG_WARN_INT_CONVERSION = YES;
				CLANG_WARN_NON_LITERAL_NULL_CONVERSION = YES;
				CLANG_WARN_OBJC_IMPLICIT_RETAIN_SELF = YES;
				CLANG_WARN_OBJC_LITERAL_CONVERSION = YES;
				CLANG_WARN_OBJC_ROOT_CLASS = YES_ERROR;
				CLANG_WARN_QUOTED_INCLUDE_IN_FRAMEWORK_HEADER = YES;
				CLANG_WARN_RANGE_LOOP_ANALYSIS = YES;
				CLANG_WARN_STRICT_PROTOTYPES = YES;
				CLANG_WARN_SUSPICIOUS_MOVE = YES;
				CLANG_WARN_UNGUARDED_AVAILABILITY = YES_AGGRESSIVE;
				CLANG_WARN_UNREACHABLE_CODE = YES;
				CLANG_WARN__DUPLICATE_METHOD_MATCH = YES;
				COPY_PHASE_STRIP = NO;
				DEBUG_INFORMATION_FORMAT = dwarf;
				ENABLE_STRICT_OBJC_MSGSEND = YES;
				ENABLE_TESTABILITY = YES;
				ENABLE_USER_SCRIPT_SANDBOXING = YES;
				GCC_C_LANGUAGE_STANDARD = gnu17;
				GCC_DYNAMIC_NO_PIC = NO;
				GCC_NO_COMMON_BLOCKS = YES;
				GCC_OPTIMIZATION_LEVEL = 0;
				GCC_PREPROCESSOR_DEFINITIONS = (
					"DEBUG=1",
					"$(inherited)",
				);
				GCC_WARN_64_TO_32_BIT_CONVERSION = YES;
				GCC_WARN_ABOUT_RETURN_TYPE = YES_ERROR;
				GCC_WARN_UNDECLARED_SELECTOR = YES;
				GCC_WARN_UNINITIALIZED_AUTOS = YES_AGGRESSIVE;
				GCC_WARN_UNUSED_FUNCTION = YES;
				GCC_WARN_UNUSED_VARIABLE = YES;
				IPHONEOS_DEPLOYMENT_TARGET = 17.2;
				LOCALIZATION_PREFERS_STRING_CATALOGS = YES;
				MTL_ENABLE_DEBUG_INFO = INCLUDE_SOURCE;
				MTL_FAST_MATH = YES;
				ONLY_ACTIVE_ARCH = YES;
				SDKROOT = iphoneos;
				SWIFT_ACTIVE_COMPILATION_CONDITIONS = "DEBUG $(inherited)";
				SWIFT_OPTIMIZATION_LEVEL = "-Onone";
			};
			name = Debug;
		};
		FF77E10D2BAB5D2100F85FAC /* Release */ = {
			isa = XCBuildConfiguration;
			buildSettings = {
				ALWAYS_SEARCH_USER_PATHS = NO;
				ASSETCATALOG_COMPILER_GENERATE_SWIFT_ASSET_SYMBOL_EXTENSIONS = YES;
				CLANG_ANALYZER_NONNULL = YES;
				CLANG_ANALYZER_NUMBER_OBJECT_CONVERSION = YES_AGGRESSIVE;
				CLANG_CXX_LANGUAGE_STANDARD = "gnu++20";
				CLANG_ENABLE_MODULES = YES;
				CLANG_ENABLE_OBJC_ARC = YES;
				CLANG_ENABLE_OBJC_WEAK = YES;
				CLANG_WARN_BLOCK_CAPTURE_AUTORELEASING = YES;
				CLANG_WARN_BOOL_CONVERSION = YES;
				CLANG_WARN_COMMA = YES;
				CLANG_WARN_CONSTANT_CONVERSION = YES;
				CLANG_WARN_DEPRECATED_OBJC_IMPLEMENTATIONS = YES;
				CLANG_WARN_DIRECT_OBJC_ISA_USAGE = YES_ERROR;
				CLANG_WARN_DOCUMENTATION_COMMENTS = YES;
				CLANG_WARN_EMPTY_BODY = YES;
				CLANG_WARN_ENUM_CONVERSION = YES;
				CLANG_WARN_INFINITE_RECURSION = YES;
				CLANG_WARN_INT_CONVERSION = YES;
				CLANG_WARN_NON_LITERAL_NULL_CONVERSION = YES;
				CLANG_WARN_OBJC_IMPLICIT_RETAIN_SELF = YES;
				CLANG_WARN_OBJC_LITERAL_CONVERSION = YES;
				CLANG_WARN_OBJC_ROOT_CLASS = YES_ERROR;
				CLANG_WARN_QUOTED_INCLUDE_IN_FRAMEWORK_HEADER = YES;
				CLANG_WARN_RANGE_LOOP_ANALYSIS = YES;
				CLANG_WARN_STRICT_PROTOTYPES = YES;
				CLANG_WARN_SUSPICIOUS_MOVE = YES;
				CLANG_WARN_UNGUARDED_AVAILABILITY = YES_AGGRESSIVE;
				CLANG_WARN_UNREACHABLE_CODE = YES;
				CLANG_WARN__DUPLICATE_METHOD_MATCH = YES;
				COPY_PHASE_STRIP = NO;
				DEBUG_INFORMATION_FORMAT = "dwarf-with-dsym";
				ENABLE_NS_ASSERTIONS = NO;
				ENABLE_STRICT_OBJC_MSGSEND = YES;
				ENABLE_USER_SCRIPT_SANDBOXING = YES;
				GCC_C_LANGUAGE_STANDARD = gnu17;
				GCC_NO_COMMON_BLOCKS = YES;
				GCC_WARN_64_TO_32_BIT_CONVERSION = YES;
				GCC_WARN_ABOUT_RETURN_TYPE = YES_ERROR;
				GCC_WARN_UNDECLARED_SELECTOR = YES;
				GCC_WARN_UNINITIALIZED_AUTOS = YES_AGGRESSIVE;
				GCC_WARN_UNUSED_FUNCTION = YES;
				GCC_WARN_UNUSED_VARIABLE = YES;
				IPHONEOS_DEPLOYMENT_TARGET = 17.2;
				LOCALIZATION_PREFERS_STRING_CATALOGS = YES;
				MTL_ENABLE_DEBUG_INFO = NO;
				MTL_FAST_MATH = YES;
				SDKROOT = iphoneos;
				SWIFT_COMPILATION_MODE = wholemodule;
				VALIDATE_PRODUCT = YES;
			};
			name = Release;
		};
		FF77E10F2BAB5D2100F85FAC /* Debug */ = {
			isa = XCBuildConfiguration;
			buildSettings = {
				ASSETCATALOG_COMPILER_APPICON_NAME = AppIcon;
				ASSETCATALOG_COMPILER_GLOBAL_ACCENT_COLOR_NAME = AccentColor;
				CODE_SIGN_STYLE = Automatic;
				CURRENT_PROJECT_VERSION = 1;
				DEVELOPMENT_TEAM = 2TBDVF8BYP;
				GENERATE_INFOPLIST_FILE = YES;
				INFOPLIST_FILE = FaceDetectApp/Info.plist;
				INFOPLIST_KEY_UIApplicationSupportsIndirectInputEvents = YES;
				INFOPLIST_KEY_UILaunchStoryboardName = LaunchScreen;
				INFOPLIST_KEY_UIMainStoryboardFile = Main;
				INFOPLIST_KEY_UISupportedInterfaceOrientations_iPad = "UIInterfaceOrientationPortrait UIInterfaceOrientationPortraitUpsideDown UIInterfaceOrientationLandscapeLeft UIInterfaceOrientationLandscapeRight";
				INFOPLIST_KEY_UISupportedInterfaceOrientations_iPhone = "UIInterfaceOrientationPortrait UIInterfaceOrientationLandscapeLeft UIInterfaceOrientationLandscapeRight";
				IPHONEOS_DEPLOYMENT_TARGET = 15.0;
				LD_RUNPATH_SEARCH_PATHS = (
					"$(inherited)",
					"@executable_path/Frameworks",
				);
				MARKETING_VERSION = 1.0;
				PRODUCT_BUNDLE_IDENTIFIER = UI.FaceDetectApp;
				PRODUCT_NAME = "$(TARGET_NAME)";
				SWIFT_EMIT_LOC_STRINGS = YES;
				SWIFT_VERSION = 5.0;
				TARGETED_DEVICE_FAMILY = "1,2";
			};
			name = Debug;
		};
		FF77E1102BAB5D2100F85FAC /* Release */ = {
			isa = XCBuildConfiguration;
			buildSettings = {
				ASSETCATALOG_COMPILER_APPICON_NAME = AppIcon;
				ASSETCATALOG_COMPILER_GLOBAL_ACCENT_COLOR_NAME = AccentColor;
				CODE_SIGN_STYLE = Automatic;
				CURRENT_PROJECT_VERSION = 1;
				DEVELOPMENT_TEAM = 2TBDVF8BYP;
				GENERATE_INFOPLIST_FILE = YES;
				INFOPLIST_FILE = FaceDetectApp/Info.plist;
				INFOPLIST_KEY_UIApplicationSupportsIndirectInputEvents = YES;
				INFOPLIST_KEY_UILaunchStoryboardName = LaunchScreen;
				INFOPLIST_KEY_UIMainStoryboardFile = Main;
				INFOPLIST_KEY_UISupportedInterfaceOrientations_iPad = "UIInterfaceOrientationPortrait UIInterfaceOrientationPortraitUpsideDown UIInterfaceOrientationLandscapeLeft UIInterfaceOrientationLandscapeRight";
				INFOPLIST_KEY_UISupportedInterfaceOrientations_iPhone = "UIInterfaceOrientationPortrait UIInterfaceOrientationLandscapeLeft UIInterfaceOrientationLandscapeRight";
				IPHONEOS_DEPLOYMENT_TARGET = 15.0;
				LD_RUNPATH_SEARCH_PATHS = (
					"$(inherited)",
					"@executable_path/Frameworks",
				);
				MARKETING_VERSION = 1.0;
				PRODUCT_BUNDLE_IDENTIFIER = UI.FaceDetectApp;
				PRODUCT_NAME = "$(TARGET_NAME)";
				SWIFT_EMIT_LOC_STRINGS = YES;
				SWIFT_VERSION = 5.0;
				TARGETED_DEVICE_FAMILY = "1,2";
			};
			name = Release;
		};
/* End XCBuildConfiguration section */

/* Begin XCConfigurationList section */
		FF77E0F52BAB5D1F00F85FAC /* Build configuration list for PBXProject "FaceDetectApp" */ = {
			isa = XCConfigurationList;
			buildConfigurations = (
				FF77E10C2BAB5D2100F85FAC /* Debug */,
				FF77E10D2BAB5D2100F85FAC /* Release */,
			);
			defaultConfigurationIsVisible = 0;
			defaultConfigurationName = Release;
		};
		FF77E10E2BAB5D2100F85FAC /* Build configuration list for PBXNativeTarget "FaceDetectApp" */ = {
			isa = XCConfigurationList;
			buildConfigurations = (
				FF77E10F2BAB5D2100F85FAC /* Debug */,
				FF77E1102BAB5D2100F85FAC /* Release */,
			);
			defaultConfigurationIsVisible = 0;
			defaultConfigurationName = Release;
		};
/* End XCConfigurationList section */
	};
	rootObject = FF77E0F22BAB5D1F00F85FAC /* Project object */;
}
